
Microsoft Visual Studio Solution File, Format Version 12.00
Project("{FAE04EC0-301F-11D3-BF4B-00C04F79EFBC}") = "AssemblyToProcess", "AssemblyToProcess\AssemblyToProcess.csproj", "{CCEC1BF9-5C90-45DA-8C3A-44200850C462}"
EndProject
Project("{FAE04EC0-301F-11D3-BF4B-00C04F79EFBC}") = "DemonWeaver", "DemonWeaver\DemonWeaver.csproj", "{BCC69495-9E5F-4C2F-97B9-460C35A4C62A}"
EndProject
Project("{FAE04EC0-301F-11D3-BF4B-00C04F79EFBC}") = "Demon", "Demon\Demon.csproj", "{D27EE7F7-7659-41A1-B49C-9D23F6632A57}"
	ProjectSection(ProjectDependencies) = postProject
		{BCC69495-9E5F-4C2F-97B9-460C35A4C62A} = {BCC69495-9E5F-4C2F-97B9-460C35A4C62A}
	EndProjectSection
EndProject
Project("{FAE04EC0-301F-11D3-BF4B-00C04F79EFBC}") = "Tests", "Tests\Tests.csproj", "{971706E5-1F28-43A1-9C7E-B5E01EADB8FA}"
EndProject
Project("{2150E333-8FDC-42A3-9474-1A3956D46DE8}") = "Solution Items", "Solution Items", "{F4828AF8-622D-4900-A150-BCE7ED58414C}"
ProjectSection(SolutionItems) = preProject
	Directory.Build.props = Directory.Build.props
	Common.props = Common.props
	azure-pipelines.yml = azure-pipelines.yml
EndProjectSection
EndProject
Project("{FAE04EC0-301F-11D3-BF4B-00C04F79EFBC}") = "TestDataForCompiler", "TestDataForCompiler\TestDataForCompiler.csproj", "{B9C8ECBA-131E-44C5-9282-68723FD38D17}"
EndProject
Project("{FAE04EC0-301F-11D3-BF4B-00C04F79EFBC}") = "TestsCompiler", "TestsCompiler\TestsCompiler.csproj", "{E83B9DC1-E2C9-4483-8915-9789D8D69C08}"
EndProject
Project("{FAE04EC0-301F-11D3-BF4B-00C04F79EFBC}") = "TestDataForWeaving", "TestDataForWeaving\TestDataForWeaving.csproj", "{CD62E0AA-A116-45D0-9B93-4BE0C16487E1}"
EndProject
Project("{FAE04EC0-301F-11D3-BF4B-00C04F79EFBC}") = "TestsWeaving", "TestsWeaving\TestsWeaving.csproj", "{3AD1CA8F-E9D0-40E2-AD86-7B30D9DD0067}"
EndProject
Global
	GlobalSection(SolutionConfigurationPlatforms) = preSolution
		Debug|Any CPU = Debug|Any CPU
		Release|Any CPU = Release|Any CPU
	EndGlobalSection
	GlobalSection(ProjectConfigurationPlatforms) = postSolution
		{CCEC1BF9-5C90-45DA-8C3A-44200850C462}.Debug|Any CPU.ActiveCfg = Debug|Any CPU
		{CCEC1BF9-5C90-45DA-8C3A-44200850C462}.Debug|Any CPU.Build.0 = Debug|Any CPU
		{CCEC1BF9-5C90-45DA-8C3A-44200850C462}.Release|Any CPU.ActiveCfg = Release|Any CPU
		{CCEC1BF9-5C90-45DA-8C3A-44200850C462}.Release|Any CPU.Build.0 = Release|Any CPU
		{D27EE7F7-7659-41A1-B49C-9D23F6632A57}.Debug|Any CPU.ActiveCfg = Debug|Any CPU
		{D27EE7F7-7659-41A1-B49C-9D23F6632A57}.Debug|Any CPU.Build.0 = Debug|Any CPU
		{D27EE7F7-7659-41A1-B49C-9D23F6632A57}.Release|Any CPU.ActiveCfg = Release|Any CPU
		{D27EE7F7-7659-41A1-B49C-9D23F6632A57}.Release|Any CPU.Build.0 = Release|Any CPU
		{971706E5-1F28-43A1-9C7E-B5E01EADB8FA}.Debug|Any CPU.ActiveCfg = Debug|Any CPU
		{971706E5-1F28-43A1-9C7E-B5E01EADB8FA}.Debug|Any CPU.Build.0 = Debug|Any CPU
		{971706E5-1F28-43A1-9C7E-B5E01EADB8FA}.Release|Any CPU.ActiveCfg = Release|Any CPU
		{971706E5-1F28-43A1-9C7E-B5E01EADB8FA}.Release|Any CPU.Build.0 = Release|Any CPU
		{B9C8ECBA-131E-44C5-9282-68723FD38D17}.Debug|Any CPU.ActiveCfg = Debug|Any CPU
		{B9C8ECBA-131E-44C5-9282-68723FD38D17}.Debug|Any CPU.Build.0 = Debug|Any CPU
		{B9C8ECBA-131E-44C5-9282-68723FD38D17}.Release|Any CPU.ActiveCfg = Release|Any CPU
		{B9C8ECBA-131E-44C5-9282-68723FD38D17}.Release|Any CPU.Build.0 = Release|Any CPU
		{E83B9DC1-E2C9-4483-8915-9789D8D69C08}.Debug|Any CPU.ActiveCfg = Debug|Any CPU
		{E83B9DC1-E2C9-4483-8915-9789D8D69C08}.Debug|Any CPU.Build.0 = Debug|Any CPU
		{E83B9DC1-E2C9-4483-8915-9789D8D69C08}.Release|Any CPU.ActiveCfg = Release|Any CPU
		{E83B9DC1-E2C9-4483-8915-9789D8D69C08}.Release|Any CPU.Build.0 = Release|Any CPU
		{BCC69495-9E5F-4C2F-97B9-460C35A4C62A}.Debug|Any CPU.ActiveCfg = Debug|Any CPU
		{BCC69495-9E5F-4C2F-97B9-460C35A4C62A}.Debug|Any CPU.Build.0 = Debug|Any CPU
		{BCC69495-9E5F-4C2F-97B9-460C35A4C62A}.Release|Any CPU.ActiveCfg = Release|Any CPU
		{BCC69495-9E5F-4C2F-97B9-460C35A4C62A}.Release|Any CPU.Build.0 = Release|Any CPU
		{CD62E0AA-A116-45D0-9B93-4BE0C16487E1}.Debug|Any CPU.ActiveCfg = Debug|Any CPU
		{CD62E0AA-A116-45D0-9B93-4BE0C16487E1}.Debug|Any CPU.Build.0 = Debug|Any CPU
		{CD62E0AA-A116-45D0-9B93-4BE0C16487E1}.Release|Any CPU.ActiveCfg = Release|Any CPU
		{CD62E0AA-A116-45D0-9B93-4BE0C16487E1}.Release|Any CPU.Build.0 = Release|Any CPU
		{3AD1CA8F-E9D0-40E2-AD86-7B30D9DD0067}.Debug|Any CPU.ActiveCfg = Debug|Any CPU
		{3AD1CA8F-E9D0-40E2-AD86-7B30D9DD0067}.Debug|Any CPU.Build.0 = Debug|Any CPU
		{3AD1CA8F-E9D0-40E2-AD86-7B30D9DD0067}.Release|Any CPU.ActiveCfg = Release|Any CPU
		{3AD1CA8F-E9D0-40E2-AD86-7B30D9DD0067}.Release|Any CPU.Build.0 = Release|Any CPU
	EndGlobalSection
EndGlobal
